{
  "lockfile_version": "1",
  "packages": {
    "lefthook@latest": {
      "last_modified": "2026-04-23T13:07:47Z",
      "resolved": "github:NixOS/nixpkgs/01fbdeef22b76df85ea168fbfe1bfd9e63681b30#lefthook",
      "source": "devbox-search",
      "version": "2.1.5",
      "systems": {
        "aarch64-darwin": {
          "outputs": [
            {
              "name": "out",
              "path": "/nix/store/3c2xhwg7r7v50z8w7pwzv6y3qmb0r0y7-lefthook-2.1.5",
              "default": true
            }
          ],
          "store_path": "/nix/store/3c2xhwg7r7v50z8w7pwzv6y3qmb0r0y7-lefthook-2.1.5"
        },
        "aarch64-linux": {
          "outputs": [
            {
              "name": "out",
              "path": "/nix/store/zgsbcgs7pa7ds9287bmrzb1zscmfa3rr-lefthook-2.1.5",
              "default": true
            }
          ],
          "store_path": "/nix/store/zgsbcgs7pa7ds9287bmrzb1zscmfa3rr-lefthook-2.1.5"
        },
        "x86_64-darwin": {
          "outputs": [
            {
              "name": "out",
              "path": "/nix/store/r82vm15yz821raw2kp5wh7n2sbijkap7-lefthook-2.1.5",
              "default": true
            }
          ],
          "store_path": "/nix/store/r82vm15yz821raw2kp5wh7n2sbijkap7-lefthook-2.1.5"
        },
        "x86_64-linux": {
          "outputs": [
            {
              "name": "out",
              "path": "/nix/store/j162rss74q5j1jbsskg9xs5kjp11gim8-lefthook-2.1.5",
              "default": true
            }
          ],
          "store_path": "/nix/store/j162rss74q5j1jbsskg9xs5kjp11gim8-lefthook-2.1.5"
        }
      }
    },
    "php85Extensions.xdebug@latest": {
      "last_modified": "2026-04-23T13:07:47Z",
      "resolved": "github:NixOS/nixpkgs/01fbdeef22b76df85ea168fbfe1bfd9e63681b30#php85Extensions.xdebug",
      "source": "devbox-search",
      "version": "3.5.1",
      "systems": {
        "aarch64-darwin": {
          "outputs": [
            {
              "name": "out",
              "path": "/nix/store/hsw0dcjx4hlyvbiypslf3b9wxp1m15sj-php-xdebug-3.5.1",
              "default": true
            }
          ],
          "store_path": "/nix/store/hsw0dcjx4hlyvbiypslf3b9wxp1m15sj-php-xdebug-3.5.1"
        },
        "aarch64-linux": {
          "outputs": [
            {
              "name": "out",
              "path": "/nix/store/8faa1nsxns4zd8w34p0hjlzw192lk8lh-php-xdebug-3.5.1",
              "default": true
            }
          ],
          "store_path": "/nix/store/8faa1nsxns4zd8w34p0hjlzw192lk8lh-php-xdebug-3.5.1"
        },
        "x86_64-darwin": {
          "outputs": [
            {
              "name": "out",
              "path": "/nix/store/32fs5nhzdr7aq3m655x0ywzvzcclqbad-php-xdebug-3.5.1",
              "default": true
            }
          ],
          "store_path": "/nix/store/32fs5nhzdr7aq3m655x0ywzvzcclqbad-php-xdebug-3.5.1"
        },
        "x86_64-linux": {
          "outputs": [
            {
              "name": "out",
              "path": "/nix/store/k2zbifp3kj055rbir53r1biwxaddnmf8-php-xdebug-3.5.1",
              "default": true
            }
          ],
          "store_path": "/nix/store/k2zbifp3kj055rbir53r1biwxaddnmf8-php-xdebug-3.5.1"
        }
      }
    },
    "php@8.5": {
      "last_modified": "2026-04-23T13:07:47Z",
      "plugin_version": "0.0.3",
      "resolved": "github:NixOS/nixpkgs/01fbdeef22b76df85ea168fbfe1bfd9e63681b30#php85",
      "source": "devbox-search",
      "version": "8.5.5",
      "systems": {
        "aarch64-darwin": {
          "outputs": [
            {
              "name": "out",
              "path": "/nix/store/p3ylnryj2hayby7mf5zrdzchj1wd7dif-php-with-extensions-8.5.5",
              "default": true
            }
          ],
          "store_path": "/nix/store/p3ylnryj2hayby7mf5zrdzchj1wd7dif-php-with-extensions-8.5.5"
        },
        "aarch64-linux": {
          "outputs": [
            {
              "name": "out",
              "path": "/nix/store/2s2xh0j16hdbszh0c0adv6miyrx8p6ym-php-with-extensions-8.5.5",
              "default": true
            }
          ],
          "store_path": "/nix/store/2s2xh0j16hdbszh0c0adv6miyrx8p6ym-php-with-extensions-8.5.5"
        },
        "x86_64-darwin": {
          "outputs": [
            {
              "name": "out",
              "path": "/nix/store/3hzk8kqn9dwgl0fqglca008kmd9fmvf3-php-with-extensions-8.5.5",
              "default": true
            }
          ],
          "store_path": "/nix/store/3hzk8kqn9dwgl0fqglca008kmd9fmvf3-php-with-extensions-8.5.5"
        },
        "x86_64-linux": {
          "outputs": [
            {
              "name": "out",
              "path": "/nix/store/4f599nqhyhk72hqyfqy3p092zfm4qz2z-php-with-extensions-8.5.5",
              "default": true
            }
          ],
          "store_path": "/nix/store/4f599nqhyhk72hqyfqy3p092zfm4qz2z-php-with-extensions-8.5.5"
        }
      }
    }
  }
}
